Microsoft Visual Studio Solution File, Format Version 12.00
# Visual Studio Version 17
VisualStudioVersion = 17.5.2.0
MinimumVisualStudioVersion = 10.0.40219.1
Project("{FAE04EC0-301F-11D3-BF4B-00C04F79EFBC}") = "LudoAPI", "LudoAPI.csproj", "{6B2A3A2A-1BFC-A168-CC97-375FF213DFA6}"
EndProject
Global
	GlobalSection(SolutionConfigurationPlatforms) = preSolution
		Debug|Any CPU = Debug|Any CPU
		Release|Any CPU = Release|Any CPU
	EndGlobalSection
	GlobalSection(ProjectConfigurationPlatforms) = postSolution
		{6B2A3A2A-1BFC-A168-CC97-375FF213DFA6}.Debug|Any CPU.ActiveCfg = Debug|Any CPU
		{6B2A3A2A-1BFC-A168-CC97-375FF213DFA6}.Debug|Any CPU.Build.0 = Debug|Any CPU
		{6B2A3A2A-1BFC-A168-CC97-375FF213DFA6}.Release|Any CPU.ActiveCfg = Release|Any CPU
		{6B2A3A2A-1BFC-A168-CC97-375FF213DFA6}.Release|Any CPU.Build.0 = Release|Any CPU
	EndGlobalSection
	GlobalSection(SolutionProperties) = preSolution
		HideSolutionNode = FALSE
	EndGlobalSection
	GlobalSection(ExtensibilityGlobals) = postSolution
		SolutionGuid = {7FC52535-D6E8-42BC-B237-96217402C6E8}
	EndGlobalSection
EndGlobal
